{
  "name": "train-line-information-app",
  "version": "1.0.0",
  "description": "A web application for searching UK train lines",
  "main": "index.js",
  "scripts": {
    "test": "jest" // For running all tests
  },
  "keywords": ["train", "search", "UK", "railway"],
  "author": "Otitokan Bankole",
  "license": "MIT",
  "dependencies": {
    "express": "^4.17.1" // If using Express
  },
  "devDependencies": {
    "jest": "^27.5.1", // for testing
    "jsdom": "^16.6.0" // Required for DOM manipulation in tests
  },
  "jest": {
    "testEnvironment": "jsdom" // 
  }
}
